// !$*UTF8*$!
{
	archiveVersion = 1;
	classes = {
	};
	objectVersion = 50;
	objects = {

/* Begin PBXBuildFile section */
		2B041C7F2109B199009F0CD4 /* BestPicAlgorithm.swift in Sources */ = {isa = PBXBuildFile; fileRef = 2B041C7E2109B199009F0CD4 /* BestPicAlgorithm.swift */; };
		2BA00F972109CCC100EDAEBF /* AnalysisCell.swift in Sources */ = {isa = PBXBuildFile; fileRef = 2BA00F962109CCC100EDAEBF /* AnalysisCell.swift */; };
		56F49AAB2109CEBA00A39B68 /* Resnet50.mlmodel in Sources */ = {isa = PBXBuildFile; fileRef = 56F49AAA2109CEBA00A39B68 /* Resnet50.mlmodel */; };
		56F639E92109B57C002FDB0F /* ImageProcessor.swift in Sources */ = {isa = PBXBuildFile; fileRef = 56F639E82109B57C002FDB0F /* ImageProcessor.swift */; };
		56F639EB2109B97B002FDB0F /* InstaImageProcessor.swift in Sources */ = {isa = PBXBuildFile; fileRef = 56F639EA2109B97B002FDB0F /* InstaImageProcessor.swift */; };
		689157AB2109B9A0003AB7E9 /* InstagramService.swift in Sources */ = {isa = PBXBuildFile; fileRef = 689157AA2109B9A0003AB7E9 /* InstagramService.swift */; };
		AF6F21AC2109B0BB0055B99E /* Cell+convenience.swift in Sources */ = {isa = PBXBuildFile; fileRef = AF6F21AB2109B0BB0055B99E /* Cell+convenience.swift */; };
		AF6F21B52109B94E0055B99E /* IdentifiedImage.swift in Sources */ = {isa = PBXBuildFile; fileRef = AF6F21B42109B94E0055B99E /* IdentifiedImage.swift */; };
		AF6F21B72109B9710055B99E /* AnalyzedImage.swift in Sources */ = {isa = PBXBuildFile; fileRef = AF6F21B62109B9710055B99E /* AnalyzedImage.swift */; };
		AF6F21B92109B9960055B99E /* AnalyzedActor.swift in Sources */ = {isa = PBXBuildFile; fileRef = AF6F21B82109B9960055B99E /* AnalyzedActor.swift */; };
		AF6F21CB2109F8630055B99E /* ObjC.swift in Sources */ = {isa = PBXBuildFile; fileRef = AF6F21BD2109F8620055B99E /* ObjC.swift */; };
		AF6F21CC2109F8630055B99E /* CGRectEx.swift in Sources */ = {isa = PBXBuildFile; fileRef = AF6F21BE2109F8620055B99E /* CGRectEx.swift */; };
		AF6F21CD2109F8630055B99E /* CGPointEx.swift in Sources */ = {isa = PBXBuildFile; fileRef = AF6F21BF2109F8620055B99E /* CGPointEx.swift */; };
		AF6F21CE2109F8630055B99E /* LiquidLoadEffect.swift in Sources */ = {isa = PBXBuildFile; fileRef = AF6F21C02109F8620055B99E /* LiquidLoadEffect.swift */; };
		AF6F21CF2109F8630055B99E /* ArrayEx.swift in Sources */ = {isa = PBXBuildFile; fileRef = AF6F21C12109F8620055B99E /* ArrayEx.swift */; };
		AF6F21D02109F8630055B99E /* LiquidCircleEffect.swift in Sources */ = {isa = PBXBuildFile; fileRef = AF6F21C22109F8620055B99E /* LiquidCircleEffect.swift */; };
		AF6F21D12109F8630055B99E /* LiquidUtil.swift in Sources */ = {isa = PBXBuildFile; fileRef = AF6F21C32109F8620055B99E /* LiquidUtil.swift */; };
		AF6F21D22109F8630055B99E /* LiquidLoader.swift in Sources */ = {isa = PBXBuildFile; fileRef = AF6F21C42109F8630055B99E /* LiquidLoader.swift */; };
		AF6F21D32109F8630055B99E /* SimpleCircleLiquidEngine.swift in Sources */ = {isa = PBXBuildFile; fileRef = AF6F21C52109F8630055B99E /* SimpleCircleLiquidEngine.swift */; };
		AF6F21D42109F8630055B99E /* CircularGradientLayer.swift in Sources */ = {isa = PBXBuildFile; fileRef = AF6F21C62109F8630055B99E /* CircularGradientLayer.swift */; };
		AF6F21D52109F8630055B99E /* UIColorEx.swift in Sources */ = {isa = PBXBuildFile; fileRef = AF6F21C72109F8630055B99E /* UIColorEx.swift */; };
		AF6F21D62109F8630055B99E /* LiquidLineEffect.swift in Sources */ = {isa = PBXBuildFile; fileRef = AF6F21C82109F8630055B99E /* LiquidLineEffect.swift */; };
		AF6F21D72109F8630055B99E /* UIView+Grow.swift in Sources */ = {isa = PBXBuildFile; fileRef = AF6F21C92109F8630055B99E /* UIView+Grow.swift */; };
		AF6F21D82109F8630055B99E /* LiquittableCircle.swift in Sources */ = {isa = PBXBuildFile; fileRef = AF6F21CA2109F8630055B99E /* LiquittableCircle.swift */; };
		AF6F21DB2109FE290055B99E /* SlidingText.swift in Sources */ = {isa = PBXBuildFile; fileRef = AF6F21DA2109FE290055B99E /* SlidingText.swift */; };
		AF7940EC2109A025001A389B /* AppDelegate.swift in Sources */ = {isa = PBXBuildFile; fileRef = AF7940EB2109A025001A389B /* AppDelegate.swift */; };
		AF7940EE2109A025001A389B /* MainViewController.swift in Sources */ = {isa = PBXBuildFile; fileRef = AF7940ED2109A025001A389B /* MainViewController.swift */; };
		AF7940F12109A025001A389B /* Main.storyboard in Resources */ = {isa = PBXBuildFile; fileRef = AF7940EF2109A025001A389B /* Main.storyboard */; };
		AF7940F32109A026001A389B /* Assets.xcassets in Resources */ = {isa = PBXBuildFile; fileRef = AF7940F22109A026001A389B /* Assets.xcassets */; };
		AF7940F62109A026001A389B /* LaunchScreen.storyboard in Resources */ = {isa = PBXBuildFile; fileRef = AF7940F42109A026001A389B /* LaunchScreen.storyboard */; };
		AF7940FF2109A78B001A389B /* AnalysisViewController.swift in Sources */ = {isa = PBXBuildFile; fileRef = AF7940FE2109A78B001A389B /* AnalysisViewController.swift */; };
		AF7941012109A805001A389B /* LoadingViewController.swift in Sources */ = {isa = PBXBuildFile; fileRef = AF7941002109A805001A389B /* LoadingViewController.swift */; };
		AF7941052109B007001A389B /* PhotoCell.swift in Sources */ = {isa = PBXBuildFile; fileRef = AF7941042109B007001A389B /* PhotoCell.swift */; };
		B4382B5F43EE193302D37E18 /* Pods_Jujube.framework in Frameworks */ = {isa = PBXBuildFile; fileRef = E4FC8C99A12A262CD368AF10 /* Pods_Jujube.framework */; };
/* End PBXBuildFile section */

/* Begin PBXFileReference section */
		2B041C7E2109B199009F0CD4 /* BestPicAlgorithm.swift */ = {isa = PBXFileReference; lastKnownFileType = sourcecode.swift; path = BestPicAlgorithm.swift; sourceTree = "<group>"; };
		2BA00F962109CCC100EDAEBF /* AnalysisCell.swift */ = {isa = PBXFileReference; lastKnownFileType = sourcecode.swift; path = AnalysisCell.swift; sourceTree = "<group>"; };
		4C902BABE7D5FDF028C0D489 /* Pods-Jujube.release.xcconfig */ = {isa = PBXFileReference; includeInIndex = 1; lastKnownFileType = text.xcconfig; name = "Pods-Jujube.release.xcconfig"; path = "Pods/Target Support Files/Pods-Jujube/Pods-Jujube.release.xcconfig"; sourceTree = "<group>"; };
		56F49AAA2109CEBA00A39B68 /* Resnet50.mlmodel */ = {isa = PBXFileReference; lastKnownFileType = file.mlmodel; path = Resnet50.mlmodel; sourceTree = "<group>"; };
		56F639E82109B57C002FDB0F /* ImageProcessor.swift */ = {isa = PBXFileReference; lastKnownFileType = sourcecode.swift; path = ImageProcessor.swift; sourceTree = "<group>"; };
		56F639EA2109B97B002FDB0F /* InstaImageProcessor.swift */ = {isa = PBXFileReference; lastKnownFileType = sourcecode.swift; path = InstaImageProcessor.swift; sourceTree = "<group>"; };
		689157AA2109B9A0003AB7E9 /* InstagramService.swift */ = {isa = PBXFileReference; lastKnownFileType = sourcecode.swift; path = InstagramService.swift; sourceTree = "<group>"; };
		850AF28C01FE5D218A30CF1D /* Pods-Jujube.debug.xcconfig */ = {isa = PBXFileReference; includeInIndex = 1; lastKnownFileType = text.xcconfig; name = "Pods-Jujube.debug.xcconfig"; path = "Pods/Target Support Files/Pods-Jujube/Pods-Jujube.debug.xcconfig"; sourceTree = "<group>"; };
		AF6F21AB2109B0BB0055B99E /* Cell+convenience.swift */ = {isa = PBXFileReference; fileEncoding = 4; lastKnownFileType = sourcecode.swift; path = "Cell+convenience.swift"; sourceTree = "<group>"; };
		AF6F21B42109B94E0055B99E /* IdentifiedImage.swift */ = {isa = PBXFileReference; lastKnownFileType = sourcecode.swift; path = IdentifiedImage.swift; sourceTree = "<group>"; };
		AF6F21B62109B9710055B99E /* AnalyzedImage.swift */ = {isa = PBXFileReference; lastKnownFileType = sourcecode.swift; path = AnalyzedImage.swift; sourceTree = "<group>"; };
		AF6F21B82109B9960055B99E /* AnalyzedActor.swift */ = {isa = PBXFileReference; lastKnownFileType = sourcecode.swift; path = AnalyzedActor.swift; sourceTree = "<group>"; };
		AF6F21BD2109F8620055B99E /* ObjC.swift */ = {isa = PBXFileReference; fileEncoding = 4; lastKnownFileType = sourcecode.swift; path = ObjC.swift; sourceTree = "<group>"; };
		AF6F21BE2109F8620055B99E /* CGRectEx.swift */ = {isa = PBXFileReference; fileEncoding = 4; lastKnownFileType = sourcecode.swift; path = CGRectEx.swift; sourceTree = "<group>"; };
		AF6F21BF2109F8620055B99E /* CGPointEx.swift */ = {isa = PBXFileReference; fileEncoding = 4; lastKnownFileType = sourcecode.swift; path = CGPointEx.swift; sourceTree = "<group>"; };
		AF6F21C02109F8620055B99E /* LiquidLoadEffect.swift */ = {isa = PBXFileReference; fileEncoding = 4; lastKnownFileType = sourcecode.swift; path = LiquidLoadEffect.swift; sourceTree = "<group>"; };
		AF6F21C12109F8620055B99E /* ArrayEx.swift */ = {isa = PBXFileReference; fileEncoding = 4; lastKnownFileType = sourcecode.swift; path = ArrayEx.swift; sourceTree = "<group>"; };
		AF6F21C22109F8620055B99E /* LiquidCircleEffect.swift */ = {isa = PBXFileReference; fileEncoding = 4; lastKnownFileType = sourcecode.swift; path = LiquidCircleEffect.swift; sourceTree = "<group>"; };
		AF6F21C32109F8620055B99E /* LiquidUtil.swift */ = {isa = PBXFileReference; fileEncoding = 4; lastKnownFileType = sourcecode.swift; path = LiquidUtil.swift; sourceTree = "<group>"; };
		AF6F21C42109F8630055B99E /* LiquidLoader.swift */ = {isa = PBXFileReference; fileEncoding = 4; lastKnownFileType = sourcecode.swift; path = LiquidLoader.swift; sourceTree = "<group>"; };
		AF6F21C52109F8630055B99E /* SimpleCircleLiquidEngine.swift */ = {isa = PBXFileReference; fileEncoding = 4; lastKnownFileType = sourcecode.swift; path = SimpleCircleLiquidEngine.swift; sourceTree = "<group>"; };
		AF6F21C62109F8630055B99E /* CircularGradientLayer.swift */ = {isa = PBXFileReference; fileEncoding = 4; lastKnownFileType = sourcecode.swift; path = CircularGradientLayer.swift; sourceTree = "<group>"; };
		AF6F21C72109F8630055B99E /* UIColorEx.swift */ = {isa = PBXFileReference; fileEncoding = 4; lastKnownFileType = sourcecode.swift; path = UIColorEx.swift; sourceTree = "<group>"; };
		AF6F21C82109F8630055B99E /* LiquidLineEffect.swift */ = {isa = PBXFileReference; fileEncoding = 4; lastKnownFileType = sourcecode.swift; path = LiquidLineEffect.swift; sourceTree = "<group>"; };
		AF6F21C92109F8630055B99E /* UIView+Grow.swift */ = {isa = PBXFileReference; fileEncoding = 4; lastKnownFileType = sourcecode.swift; path = "UIView+Grow.swift"; sourceTree = "<group>"; };
		AF6F21CA2109F8630055B99E /* LiquittableCircle.swift */ = {isa = PBXFileReference; fileEncoding = 4; lastKnownFileType = sourcecode.swift; path = LiquittableCircle.swift; sourceTree = "<group>"; };
		AF6F21DA2109FE290055B99E /* SlidingText.swift */ = {isa = PBXFileReference; fileEncoding = 4; lastKnownFileType = sourcecode.swift; path = SlidingText.swift; sourceTree = "<group>"; };
		AF7940E82109A025001A389B /* Jujube.app */ = {isa = PBXFileReference; explicitFileType = wrapper.application; includeInIndex = 0; path = Jujube.app; sourceTree = BUILT_PRODUCTS_DIR; };
		AF7940EB2109A025001A389B /* AppDelegate.swift */ = {isa = PBXFileReference; lastKnownFileType = sourcecode.swift; path = AppDelegate.swift; sourceTree = "<group>"; };
		AF7940ED2109A025001A389B /* MainViewController.swift */ = {isa = PBXFileReference; lastKnownFileType = sourcecode.swift; path = MainViewController.swift; sourceTree = "<group>"; };
		AF7940F02109A025001A389B /* Base */ = {isa = PBXFileReference; lastKnownFileType = file.storyboard; name = Base; path = Base.lproj/Main.storyboard; sourceTree = "<group>"; };
		AF7940F22109A026001A389B /* Assets.xcassets */ = {isa = PBXFileReference; lastKnownFileType = folder.assetcatalog; path = Assets.xcassets; sourceTree = "<group>"; };
		AF7940F52109A026001A389B /* Base */ = {isa = PBXFileReference; lastKnownFileType = file.storyboard; name = Base; path = Base.lproj/LaunchScreen.storyboard; sourceTree = "<group>"; };
		AF7940F72109A026001A389B /* Info.plist */ = {isa = PBXFileReference; lastKnownFileType = text.plist.xml; path = Info.plist; sourceTree = "<group>"; };
		AF7940FE2109A78B001A389B /* AnalysisViewController.swift */ = {isa = PBXFileReference; lastKnownFileType = sourcecode.swift; path = AnalysisViewController.swift; sourceTree = "<group>"; };
		AF7941002109A805001A389B /* LoadingViewController.swift */ = {isa = PBXFileReference; lastKnownFileType = sourcecode.swift; path = LoadingViewController.swift; sourceTree = "<group>"; };
		AF7941042109B007001A389B /* PhotoCell.swift */ = {isa = PBXFileReference; lastKnownFileType = sourcecode.swift; path = PhotoCell.swift; sourceTree = "<group>"; };
		E4FC8C99A12A262CD368AF10 /* Pods_Jujube.framework */ = {isa = PBXFileReference; explicitFileType = wrapper.framework; includeInIndex = 0; path = Pods_Jujube.framework; sourceTree = BUILT_PRODUCTS_DIR; };
/* End PBXFileReference section */

/* Begin PBXFrameworksBuildPhase section */
		AF7940E52109A025001A389B /* Frameworks */ = {
			isa = PBXFrameworksBuildPhase;
			buildActionMask = 2147483647;
			files = (
				B4382B5F43EE193302D37E18 /* Pods_Jujube.framework in Frameworks */,
			);
			runOnlyForDeploymentPostprocessing = 0;
		};
/* End PBXFrameworksBuildPhase section */

/* Begin PBXGroup section */
		561D13312109BEC500187283 /* Resources */ = {
			isa = PBXGroup;
			children = (
				56F49AAA2109CEBA00A39B68 /* Resnet50.mlmodel */,
			);
			path = Resources;
			sourceTree = "<group>";
		};
		56F639E72109B556002FDB0F /* Service */ = {
			isa = PBXGroup;
			children = (
				56F639E82109B57C002FDB0F /* ImageProcessor.swift */,
				2B041C7E2109B199009F0CD4 /* BestPicAlgorithm.swift */,
				56F639EA2109B97B002FDB0F /* InstaImageProcessor.swift */,
				689157AA2109B9A0003AB7E9 /* InstagramService.swift */,
			);
			path = Service;
			sourceTree = "<group>";
		};
		737CADAD5DB99AEFD8B5B59F /* Pods */ = {
			isa = PBXGroup;
			children = (
				850AF28C01FE5D218A30CF1D /* Pods-Jujube.debug.xcconfig */,
				4C902BABE7D5FDF028C0D489 /* Pods-Jujube.release.xcconfig */,
			);
			name = Pods;
			sourceTree = "<group>";
		};
		92AB06B360C27B007E65D97E /* Frameworks */ = {
			isa = PBXGroup;
			children = (
				E4FC8C99A12A262CD368AF10 /* Pods_Jujube.framework */,
			);
			name = Frameworks;
			sourceTree = "<group>";
		};
		AF6F21AF2109B4CB0055B99E /* Model */ = {
			isa = PBXGroup;
			children = (
				AF6F21B42109B94E0055B99E /* IdentifiedImage.swift */,
				AF6F21B62109B9710055B99E /* AnalyzedImage.swift */,
				AF6F21B82109B9960055B99E /* AnalyzedActor.swift */,
			);
			path = Model;
			sourceTree = "<group>";
		};
		AF6F21BC2109F83E0055B99E /* LiquidLoader */ = {
			isa = PBXGroup;
			children = (
				AF6F21C12109F8620055B99E /* ArrayEx.swift */,
				AF6F21BF2109F8620055B99E /* CGPointEx.swift */,
				AF6F21BE2109F8620055B99E /* CGRectEx.swift */,
				AF6F21C62109F8630055B99E /* CircularGradientLayer.swift */,
				AF6F21C22109F8620055B99E /* LiquidCircleEffect.swift */,
				AF6F21C82109F8630055B99E /* LiquidLineEffect.swift */,
				AF6F21C02109F8620055B99E /* LiquidLoadEffect.swift */,
				AF6F21C42109F8630055B99E /* LiquidLoader.swift */,
				AF6F21C32109F8620055B99E /* LiquidUtil.swift */,
				AF6F21CA2109F8630055B99E /* LiquittableCircle.swift */,
				AF6F21BD2109F8620055B99E /* ObjC.swift */,
				AF6F21C52109F8630055B99E /* SimpleCircleLiquidEngine.swift */,
				AF6F21C72109F8630055B99E /* UIColorEx.swift */,
				AF6F21C92109F8630055B99E /* UIView+Grow.swift */,
			);
			path = LiquidLoader;
			sourceTree = "<group>";
		};
		AF6F21D92109FE100055B99E /* ThirdParty */ = {
			isa = PBXGroup;
			children = (
				AF6F21DA2109FE290055B99E /* SlidingText.swift */,
				AF6F21BC2109F83E0055B99E /* LiquidLoader */,
			);
			path = ThirdParty;
			sourceTree = "<group>";
		};
		AF7940DF2109A025001A389B = {
			isa = PBXGroup;
			children = (
				AF7940EA2109A025001A389B /* Jujube */,
				AF7940E92109A025001A389B /* Products */,
				737CADAD5DB99AEFD8B5B59F /* Pods */,
				92AB06B360C27B007E65D97E /* Frameworks */,
			);
			sourceTree = "<group>";
		};
		AF7940E92109A025001A389B /* Products */ = {
			isa = PBXGroup;
			children = (
				AF7940E82109A025001A389B /* Jujube.app */,
			);
			name = Products;
			sourceTree = "<group>";
		};
		AF7940EA2109A025001A389B /* Jujube */ = {
			isa = PBXGroup;
			children = (
				AF7940EB2109A025001A389B /* AppDelegate.swift */,
				AF6F21AF2109B4CB0055B99E /* Model */,
				AF7941092109B090001A389B /* Extensions */,
				561D13312109BEC500187283 /* Resources */,
				56F639E72109B556002FDB0F /* Service */,
				AF7941032109AFD9001A389B /* View */,
				AF7941022109AFC4001A389B /* View Controllers */,
				AF7940F22109A026001A389B /* Assets.xcassets */,
				AF7940F72109A026001A389B /* Info.plist */,
				AF7940F42109A026001A389B /* LaunchScreen.storyboard */,
				AF7940EF2109A025001A389B /* Main.storyboard */,
				AF6F21D92109FE100055B99E /* ThirdParty */,
			);
			path = Jujube;
			sourceTree = "<group>";
		};
		AF7941022109AFC4001A389B /* View Controllers */ = {
			isa = PBXGroup;
			children = (
				AF7940ED2109A025001A389B /* MainViewController.swift */,
				AF7940FE2109A78B001A389B /* AnalysisViewController.swift */,
				AF7941002109A805001A389B /* LoadingViewController.swift */,
			);
			path = "View Controllers";
			sourceTree = "<group>";
		};
		AF7941032109AFD9001A389B /* View */ = {
			isa = PBXGroup;
			children = (
				AF7941042109B007001A389B /* PhotoCell.swift */,
				2BA00F962109CCC100EDAEBF /* AnalysisCell.swift */,
			);
			path = View;
			sourceTree = "<group>";
		};
		AF7941092109B090001A389B /* Extensions */ = {
			isa = PBXGroup;
			children = (
				AF6F21AB2109B0BB0055B99E /* Cell+convenience.swift */,
			);
			path = Extensions;
			sourceTree = "<group>";
		};
/* End PBXGroup section */

/* Begin PBXNativeTarget section */
		AF7940E72109A025001A389B /* Jujube */ = {
			isa = PBXNativeTarget;
			buildConfigurationList = AF7940FA2109A026001A389B /* Build configuration list for PBXNativeTarget "Jujube" */;
			buildPhases = (
				978EBE4B82A4D8F526E4BDA5 /* [CP] Check Pods Manifest.lock */,
				AF7940E42109A025001A389B /* Sources */,
				AF7940E52109A025001A389B /* Frameworks */,
				AF7940E62109A025001A389B /* Resources */,
				AF7940FD2109A0FF001A389B /* Swiftlint */,
				C650FBC0A6A417E7C2169623 /* [CP] Embed Pods Frameworks */,
			);
			buildRules = (
			);
			dependencies = (
			);
			name = Jujube;
			productName = Jujube;
			productReference = AF7940E82109A025001A389B /* Jujube.app */;
			productType = "com.apple.product-type.application";
		};
/* End PBXNativeTarget section */

/* Begin PBXProject section */
		AF7940E02109A025001A389B /* Project object */ = {
			isa = PBXProject;
			attributes = {
				LastSwiftUpdateCheck = 0940;
				LastUpgradeCheck = 0940;
				ORGANIZATIONNAME = "iQuest Technologies";
				TargetAttributes = {
					AF7940E72109A025001A389B = {
						CreatedOnToolsVersion = 9.4.1;
					};
				};
			};
			buildConfigurationList = AF7940E32109A025001A389B /* Build configuration list for PBXProject "Jujube" */;
			compatibilityVersion = "Xcode 9.3";
			developmentRegion = en;
			hasScannedForEncodings = 0;
			knownRegions = (
				en,
				Base,
			);
			mainGroup = AF7940DF2109A025001A389B;
			productRefGroup = AF7940E92109A025001A389B /* Products */;
			projectDirPath = "";
			projectRoot = "";
			targets = (
				AF7940E72109A025001A389B /* Jujube */,
			);
		};
/* End PBXProject section */

/* Begin PBXResourcesBuildPhase section */
		AF7940E62109A025001A389B /* Resources */ = {
			isa = PBXResourcesBuildPhase;
			buildActionMask = 2147483647;
			files = (
				AF7940F62109A026001A389B /* LaunchScreen.storyboard in Resources */,
				AF7940F32109A026001A389B /* Assets.xcassets in Resources */,
				AF7940F12109A025001A389B /* Main.storyboard in Resources */,
			);
			runOnlyForDeploymentPostprocessing = 0;
		};
/* End PBXResourcesBuildPhase section */

/* Begin PBXShellScriptBuildPhase section */
		978EBE4B82A4D8F526E4BDA5 /* [CP] Check Pods Manifest.lock */ = {
			isa = PBXShellScriptBuildPhase;
			buildActionMask = 2147483647;
			files = (
			);
			inputPaths = (
				"${PODS_PODFILE_DIR_PATH}/Podfile.lock",
				"${PODS_ROOT}/Manifest.lock",
			);
			name = "[CP] Check Pods Manifest.lock";
			outputPaths = (
				"$(DERIVED_FILE_DIR)/Pods-Jujube-checkManifestLockResult.txt",
			);
			runOnlyForDeploymentPostprocessing = 0;
			shellPath = /bin/sh;
			shellScript = "diff \"${PODS_PODFILE_DIR_PATH}/Podfile.lock\" \"${PODS_ROOT}/Manifest.lock\" > /dev/null\nif [ $? != 0 ] ; then\n    # print error to STDERR\n    echo \"error: The sandbox is not in sync with the Podfile.lock. Run 'pod install' or update your CocoaPods installation.\" >&2\n    exit 1\nfi\n# This output is used by Xcode 'outputs' to avoid re-running this script phase.\necho \"SUCCESS\" > \"${SCRIPT_OUTPUT_FILE_0}\"\n";
			showEnvVarsInLog = 0;
		};
		AF7940FD2109A0FF001A389B /* Swiftlint */ = {
			isa = PBXShellScriptBuildPhase;
			buildActionMask = 2147483647;
			files = (
			);
			inputPaths = (
			);
			name = Swiftlint;
			outputPaths = (
			);
			runOnlyForDeploymentPostprocessing = 0;
			shellPath = /bin/sh;
			shellScript = "if which swiftlint >/dev/null; then\n    swiftlint\nelse\n    echo \"warning: SwiftLint not installed, download from https://github.com/realm/SwiftLint\"\nfi";
		};
		C650FBC0A6A417E7C2169623 /* [CP] Embed Pods Frameworks */ = {
			isa = PBXShellScriptBuildPhase;
			buildActionMask = 2147483647;
			files = (
			);
			inputPaths = (
				"${SRCROOT}/Pods/Target Support Files/Pods-Jujube/Pods-Jujube-frameworks.sh",
				"${BUILT_PRODUCTS_DIR}/Cache/Cache.framework",
				"${BUILT_PRODUCTS_DIR}/ChameleonFramework/ChameleonFramework.framework",
				"${BUILT_PRODUCTS_DIR}/Gallery/Gallery.framework",
				"${BUILT_PRODUCTS_DIR}/Hero/Hero.framework",
				"${BUILT_PRODUCTS_DIR}/Hue/Hue.framework",
				"${BUILT_PRODUCTS_DIR}/ImagePicker/ImagePicker.framework",
				"${BUILT_PRODUCTS_DIR}/Imaginary/Imaginary.framework",
				"${BUILT_PRODUCTS_DIR}/Lightbox/Lightbox.framework",
				"${BUILT_PRODUCTS_DIR}/NVActivityIndicatorView/NVActivityIndicatorView.framework",
				"${BUILT_PRODUCTS_DIR}/SDWebImage/SDWebImage.framework",
				"${BUILT_PRODUCTS_DIR}/SwiftInstagram/SwiftInstagram.framework",
				"${BUILT_PRODUCTS_DIR}/SwiftyJSON/SwiftyJSON.framework",
			);
			name = "[CP] Embed Pods Frameworks";
			outputPaths = (
				"${TARGET_BUILD_DIR}/${FRAMEWORKS_FOLDER_PATH}/Cache.framework",
				"${TARGET_BUILD_DIR}/${FRAMEWORKS_FOLDER_PATH}/ChameleonFramework.framework",
				"${TARGET_BUILD_DIR}/${FRAMEWORKS_FOLDER_PATH}/Gallery.framework",
				"${TARGET_BUILD_DIR}/${FRAMEWORKS_FOLDER_PATH}/Hero.framework",
				"${TARGET_BUILD_DIR}/${FRAMEWORKS_FOLDER_PATH}/Hue.framework",
				"${TARGET_BUILD_DIR}/${FRAMEWORKS_FOLDER_PATH}/ImagePicker.framework",
				"${TARGET_BUILD_DIR}/${FRAMEWORKS_FOLDER_PATH}/Imaginary.framework",
				"${TARGET_BUILD_DIR}/${FRAMEWORKS_FOLDER_PATH}/Lightbox.framework",
				"${TARGET_BUILD_DIR}/${FRAMEWORKS_FOLDER_PATH}/NVActivityIndicatorView.framework",
				"${TARGET_BUILD_DIR}/${FRAMEWORKS_FOLDER_PATH}/SDWebImage.framework",
				"${TARGET_BUILD_DIR}/${FRAMEWORKS_FOLDER_PATH}/SwiftInstagram.framework",
				"${TARGET_BUILD_DIR}/${FRAMEWORKS_FOLDER_PATH}/SwiftyJSON.framework",
			);
			runOnlyForDeploymentPostprocessing = 0;
			shellPath = /bin/sh;
			shellScript = "\"${SRCROOT}/Pods/Target Support Files/Pods-Jujube/Pods-Jujube-frameworks.sh\"\n";
			showEnvVarsInLog = 0;
		};
/* End PBXShellScriptBuildPhase section */

/* Begin PBXSourcesBuildPhase section */
		AF7940E42109A025001A389B /* Sources */ = {
			isa = PBXSourcesBuildPhase;
			buildActionMask = 2147483647;
			files = (
				AF6F21B52109B94E0055B99E /* IdentifiedImage.swift in Sources */,
				AF6F21B92109B9960055B99E /* AnalyzedActor.swift in Sources */,
				AF6F21CC2109F8630055B99E /* CGRectEx.swift in Sources */,
				AF6F21CD2109F8630055B99E /* CGPointEx.swift in Sources */,
				AF6F21D82109F8630055B99E /* LiquittableCircle.swift in Sources */,
				AF6F21D22109F8630055B99E /* LiquidLoader.swift in Sources */,
				AF6F21D42109F8630055B99E /* CircularGradientLayer.swift in Sources */,
				AF6F21CF2109F8630055B99E /* ArrayEx.swift in Sources */,
				AF7940EE2109A025001A389B /* MainViewController.swift in Sources */,
				AF6F21CB2109F8630055B99E /* ObjC.swift in Sources */,
				AF6F21AC2109B0BB0055B99E /* Cell+convenience.swift in Sources */,
				AF6F21DB2109FE290055B99E /* SlidingText.swift in Sources */,
				AF6F21D52109F8630055B99E /* UIColorEx.swift in Sources */,
				AF7941052109B007001A389B /* PhotoCell.swift in Sources */,
				689157AB2109B9A0003AB7E9 /* InstagramService.swift in Sources */,
				AF6F21D32109F8630055B99E /* SimpleCircleLiquidEngine.swift in Sources */,
				56F49AAB2109CEBA00A39B68 /* Resnet50.mlmodel in Sources */,
				AF6F21D12109F8630055B99E /* LiquidUtil.swift in Sources */,
				AF7940EC2109A025001A389B /* AppDelegate.swift in Sources */,
				AF6F21D02109F8630055B99E /* LiquidCircleEffect.swift in Sources */,
				56F639E92109B57C002FDB0F /* ImageProcessor.swift in Sources */,
				AF6F21B72109B9710055B99E /* AnalyzedImage.swift in Sources */,
				56F639EB2109B97B002FDB0F /* InstaImageProcessor.swift in Sources */,
				AF7940FF2109A78B001A389B /* AnalysisViewController.swift in Sources */,
				AF6F21D62109F8630055B99E /* LiquidLineEffect.swift in Sources */,
				2BA00F972109CCC100EDAEBF /* AnalysisCell.swift in Sources */,
				AF6F21CE2109F8630055B99E /* LiquidLoadEffect.swift in Sources */,
				AF7941012109A805001A389B /* LoadingViewController.swift in Sources */,
				2B041C7F2109B199009F0CD4 /* BestPicAlgorithm.swift in Sources */,
				AF6F21D72109F8630055B99E /* UIView+Grow.swift in Sources */,
			);
			runOnlyForDeploymentPostprocessing = 0;
		};
/* End PBXSourcesBuildPhase section */

/* Begin PBXVariantGroup section */
		AF7940EF2109A025001A389B /* Main.storyboard */ = {
			isa = PBXVariantGroup;
			children = (
				AF7940F02109A025001A389B /* Base */,
			);
			name = Main.storyboard;
			sourceTree = "<group>";
		};
		AF7940F42109A026001A389B /* LaunchScreen.storyboard */ = {
			isa = PBXVariantGroup;
			children = (
				AF7940F52109A026001A389B /* Base */,
			);
			name = LaunchScreen.storyboard;
			sourceTree = "<group>";
		};
/* End PBXVariantGroup section */

/* Begin XCBuildConfiguration section */
		AF7940F82109A026001A389B /* Debug */ = {
			isa = XCBuildConfiguration;
			buildSettings = {
				ALWAYS_SEARCH_USER_PATHS = NO;
				CLANG_ANALYZER_NONNULL = YES;
				CLANG_ANALYZER_NUMBER_OBJECT_CONVERSION = YES_AGGRESSIVE;
				CLANG_CXX_LANGUAGE_STANDARD = "gnu++14";
				CLANG_CXX_LIBRARY = "libc++";
				CLANG_ENABLE_MODULES = YES;
				CLANG_ENABLE_OBJC_ARC = YES;
				CLANG_ENABLE_OBJC_WEAK = YES;
				CLANG_WARN_BLOCK_CAPTURE_AUTORELEASING = YES;
				CLANG_WARN_BOOL_CONVERSION = YES;
				CLANG_WARN_COMMA = YES;
				CLANG_WARN_CONSTANT_CONVERSION = YES;
				CLANG_WARN_DEPRECATED_OBJC_IMPLEMENTATIONS = YES;
				CLANG_WARN_DIRECT_OBJC_ISA_USAGE = YES_ERROR;
				CLANG_WARN_DOCUMENTATION_COMMENTS = YES;
				CLANG_WARN_EMPTY_BODY = YES;
				CLANG_WARN_ENUM_CONVERSION = YES;
				CLANG_WARN_INFINITE_RECURSION = YES;
				CLANG_WARN_INT_CONVERSION = YES;
				CLANG_WARN_NON_LITERAL_NULL_CONVERSION = YES;
				CLANG_WARN_OBJC_IMPLICIT_RETAIN_SELF = YES;
				CLANG_WARN_OBJC_LITERAL_CONVERSION = YES;
				CLANG_WARN_OBJC_ROOT_CLASS = YES_ERROR;
				CLANG_WARN_RANGE_LOOP_ANALYSIS = YES;
				CLANG_WARN_STRICT_PROTOTYPES = YES;
				CLANG_WARN_SUSPICIOUS_MOVE = YES;
				CLANG_WARN_UNGUARDED_AVAILABILITY = YES_AGGRESSIVE;
				CLANG_WARN_UNREACHABLE_CODE = YES;
				CLANG_WARN__DUPLICATE_METHOD_MATCH = YES;
				CODE_SIGN_IDENTITY = "iPhone Developer";
				COPY_PHASE_STRIP = NO;
				DEBUG_INFORMATION_FORMAT = dwarf;
				ENABLE_STRICT_OBJC_MSGSEND = YES;
				ENABLE_TESTABILITY = YES;
				GCC_C_LANGUAGE_STANDARD = gnu11;
				GCC_DYNAMIC_NO_PIC = NO;
				GCC_NO_COMMON_BLOCKS = YES;
				GCC_OPTIMIZATION_LEVEL = 0;
				GCC_PREPROCESSOR_DEFINITIONS = (
					"DEBUG=1",
					"$(inherited)",
				);
				GCC_WARN_64_TO_32_BIT_CONVERSION = YES;
				GCC_WARN_ABOUT_RETURN_TYPE = YES_ERROR;
				GCC_WARN_UNDECLARED_SELECTOR = YES;
				GCC_WARN_UNINITIALIZED_AUTOS = YES_AGGRESSIVE;
				GCC_WARN_UNUSED_FUNCTION = YES;
				GCC_WARN_UNUSED_VARIABLE = YES;
				IPHONEOS_DEPLOYMENT_TARGET = 11.4;
				MTL_ENABLE_DEBUG_INFO = YES;
				ONLY_ACTIVE_ARCH = YES;
				SDKROOT = iphoneos;
				SWIFT_ACTIVE_COMPILATION_CONDITIONS = DEBUG;
				SWIFT_OPTIMIZATION_LEVEL = "-Onone";
			};
			name = Debug;
		};
		AF7940F92109A026001A389B /* Release */ = {
			isa = XCBuildConfiguration;
			buildSettings = {
				ALWAYS_SEARCH_USER_PATHS = NO;
				CLANG_ANALYZER_NONNULL = YES;
				CLANG_ANALYZER_NUMBER_OBJECT_CONVERSION = YES_AGGRESSIVE;
				CLANG_CXX_LANGUAGE_STANDARD = "gnu++14";
				CLANG_CXX_LIBRARY = "libc++";
				CLANG_ENABLE_MODULES = YES;
				CLANG_ENABLE_OBJC_ARC = YES;
				CLANG_ENABLE_OBJC_WEAK = YES;
				CLANG_WARN_BLOCK_CAPTURE_AUTORELEASING = YES;
				CLANG_WARN_BOOL_CONVERSION = YES;
				CLANG_WARN_COMMA = YES;
				CLANG_WARN_CONSTANT_CONVERSION = YES;
				CLANG_WARN_DEPRECATED_OBJC_IMPLEMENTATIONS = YES;
				CLANG_WARN_DIRECT_OBJC_ISA_USAGE = YES_ERROR;
				CLANG_WARN_DOCUMENTATION_COMMENTS = YES;
				CLANG_WARN_EMPTY_BODY = YES;
				CLANG_WARN_ENUM_CONVERSION = YES;
				CLANG_WARN_INFINITE_RECURSION = YES;
				CLANG_WARN_INT_CONVERSION = YES;
				CLANG_WARN_NON_LITERAL_NULL_CONVERSION = YES;
				CLANG_WARN_OBJC_IMPLICIT_RETAIN_SELF = YES;
				CLANG_WARN_OBJC_LITERAL_CONVERSION = YES;
				CLANG_WARN_OBJC_ROOT_CLASS = YES_ERROR;
				CLANG_WARN_RANGE_LOOP_ANALYSIS = YES;
				CLANG_WARN_STRICT_PROTOTYPES = YES;
				CLANG_WARN_SUSPICIOUS_MOVE = YES;
				CLANG_WARN_UNGUARDED_AVAILABILITY = YES_AGGRESSIVE;
				CLANG_WARN_UNREACHABLE_CODE = YES;
				CLANG_WARN__DUPLICATE_METHOD_MATCH = YES;
				CODE_SIGN_IDENTITY = "iPhone Developer";
				COPY_PHASE_STRIP = NO;
				DEBUG_INFORMATION_FORMAT = "dwarf-with-dsym";
				ENABLE_NS_ASSERTIONS = NO;
				ENABLE_STRICT_OBJC_MSGSEND = YES;
				GCC_C_LANGUAGE_STANDARD = gnu11;
				GCC_NO_COMMON_BLOCKS = YES;
				GCC_WARN_64_TO_32_BIT_CONVERSION = YES;
				GCC_WARN_ABOUT_RETURN_TYPE = YES_ERROR;
				GCC_WARN_UNDECLARED_SELECTOR = YES;
				GCC_WARN_UNINITIALIZED_AUTOS = YES_AGGRESSIVE;
				GCC_WARN_UNUSED_FUNCTION = YES;
				GCC_WARN_UNUSED_VARIABLE = YES;
				IPHONEOS_DEPLOYMENT_TARGET = 11.4;
				MTL_ENABLE_DEBUG_INFO = NO;
				SDKROOT = iphoneos;
				SWIFT_COMPILATION_MODE = wholemodule;
				SWIFT_OPTIMIZATION_LEVEL = "-O";
				VALIDATE_PRODUCT = YES;
			};
			name = Release;
		};
		AF7940FB2109A026001A389B /* Debug */ = {
			isa = XCBuildConfiguration;
			baseConfigurationReference = 850AF28C01FE5D218A30CF1D /* Pods-Jujube.debug.xcconfig */;
			buildSettings = {
				ASSETCATALOG_COMPILER_APPICON_NAME = AppIcon;
				CODE_SIGN_STYLE = Automatic;
				DEVELOPMENT_TEAM = QA7C3BG73H;
				INFOPLIST_FILE = Jujube/Info.plist;
				LD_RUNPATH_SEARCH_PATHS = (
					"$(inherited)",
					"@executable_path/Frameworks",
				);
				PRODUCT_BUNDLE_IDENTIFIER = com.iquestint.Jujube;
				PRODUCT_NAME = "$(TARGET_NAME)";
				SWIFT_VERSION = 4.0;
				TARGETED_DEVICE_FAMILY = "1,2";
			};
			name = Debug;
		};
		AF7940FC2109A026001A389B /* Release */ = {
			isa = XCBuildConfiguration;
			baseConfigurationReference = 4C902BABE7D5FDF028C0D489 /* Pods-Jujube.release.xcconfig */;
			buildSettings = {
				ASSETCATALOG_COMPILER_APPICON_NAME = AppIcon;
				CODE_SIGN_STYLE = Automatic;
				DEVELOPMENT_TEAM = QA7C3BG73H;
				INFOPLIST_FILE = Jujube/Info.plist;
				LD_RUNPATH_SEARCH_PATHS = (
					"$(inherited)",
					"@executable_path/Frameworks",
				);
				PRODUCT_BUNDLE_IDENTIFIER = com.iquestint.Jujube;
				PRODUCT_NAME = "$(TARGET_NAME)";
				SWIFT_VERSION = 4.0;
				TARGETED_DEVICE_FAMILY = "1,2";
			};
			name = Release;
		};
/* End XCBuildConfiguration section */

/* Begin XCConfigurationList section */
		AF7940E32109A025001A389B /* Build configuration list for PBXProject "Jujube" */ = {
			isa = XCConfigurationList;
			buildConfigurations = (
				AF7940F82109A026001A389B /* Debug */,
				AF7940F92109A026001A389B /* Release */,
			);
			defaultConfigurationIsVisible = 0;
			defaultConfigurationName = Release;
		};
		AF7940FA2109A026001A389B /* Build configuration list for PBXNativeTarget "Jujube" */ = {
			isa = XCConfigurationList;
			buildConfigurations = (
				AF7940FB2109A026001A389B /* Debug */,
				AF7940FC2109A026001A389B /* Release */,
			);
			defaultConfigurationIsVisible = 0;
			defaultConfigurationName = Release;
		};
/* End XCConfigurationList section */
	};
	rootObject = AF7940E02109A025001A389B /* Project object */;
}
